
Microsoft Visual Studio Solution File, Format Version 12.00
# Visual Studio Version 17
VisualStudioVersion = 17.4.33213.308
MinimumVisualStudioVersion = 10.0.40219.1
Project("{9A19103F-16F7-4668-BE54-9A1E7A4F7556}") = "DrawingProgram", "DrawingProgram.csproj", "{DA8915AF-3280-420D-83D3-A0B0928F9527}"
EndProject
Global
	GlobalSection(SolutionConfigurationPlatforms) = preSolution
		Debug|Any CPU = Debug|Any CPU
		Release|Any CPU = Release|Any CPU
	EndGlobalSection
	GlobalSection(ProjectConfigurationPlatforms) = postSolution
		{DA8915AF-3280-420D-83D3-A0B0928F9527}.Debug|Any CPU.ActiveCfg = Debug|Any CPU
		{DA8915AF-3280-420D-83D3-A0B0928F9527}.Debug|Any CPU.Build.0 = Debug|Any CPU
		{DA8915AF-3280-420D-83D3-A0B0928F9527}.Release|Any CPU.ActiveCfg = Release|Any CPU
		{DA8915AF-3280-420D-83D3-A0B0928F9527}.Release|Any CPU.Build.0 = Release|Any CPU
	EndGlobalSection
	GlobalSection(SolutionProperties) = preSolution
		HideSolutionNode = FALSE
	EndGlobalSection
	GlobalSection(ExtensibilityGlobals) = postSolution
		SolutionGuid = {F5F6673D-E545-41F6-A1A0-74A8034F6963}
	EndGlobalSection
EndGlobal
