
Microsoft Visual Studio Solution File, Format Version 12.00
# Visual Studio Version 17
VisualStudioVersion = 17.4.33403.182
MinimumVisualStudioVersion = 10.0.40219.1
Project("{FAE04EC0-301F-11D3-BF4B-00C04F79EFBC}") = "RolePlay", "RolePlay.csproj", "{34924F01-D64F-4C0F-9910-B4F135F43F77}"
EndProject
Global
	GlobalSection(SolutionConfigurationPlatforms) = preSolution
		Debug|Any CPU = Debug|Any CPU
		Release|Any CPU = Release|Any CPU
	EndGlobalSection
	GlobalSection(ProjectConfigurationPlatforms) = postSolution
		{34924F01-D64F-4C0F-9910-B4F135F43F77}.Debug|Any CPU.ActiveCfg = Debug|Any CPU
		{34924F01-D64F-4C0F-9910-B4F135F43F77}.Debug|Any CPU.Build.0 = Debug|Any CPU
		{34924F01-D64F-4C0F-9910-B4F135F43F77}.Release|Any CPU.ActiveCfg = Release|Any CPU
		{34924F01-D64F-4C0F-9910-B4F135F43F77}.Release|Any CPU.Build.0 = Release|Any CPU
	EndGlobalSection
	GlobalSection(SolutionProperties) = preSolution
		HideSolutionNode = FALSE
	EndGlobalSection
	GlobalSection(ExtensibilityGlobals) = postSolution
		SolutionGuid = {77B894F1-0E94-4A73-8F0F-29392F5A3E32}
	EndGlobalSection
EndGlobal
