
Microsoft Visual Studio Solution File, Format Version 12.00
# Visual Studio Version 17
VisualStudioVersion = 17.4.33403.182
MinimumVisualStudioVersion = 10.0.40219.1
Project("{FAE04EC0-301F-11D3-BF4B-00C04F79EFBC}") = "FormApp", "FormApp.csproj", "{06BE3322-7F42-4A07-BEFA-9F427F1F9468}"
EndProject
Global
	GlobalSection(SolutionConfigurationPlatforms) = preSolution
		Debug|Any CPU = Debug|Any CPU
		Release|Any CPU = Release|Any CPU
	EndGlobalSection
	GlobalSection(ProjectConfigurationPlatforms) = postSolution
		{06BE3322-7F42-4A07-BEFA-9F427F1F9468}.Debug|Any CPU.ActiveCfg = Debug|Any CPU
		{06BE3322-7F42-4A07-BEFA-9F427F1F9468}.Debug|Any CPU.Build.0 = Debug|Any CPU
		{06BE3322-7F42-4A07-BEFA-9F427F1F9468}.Release|Any CPU.ActiveCfg = Release|Any CPU
		{06BE3322-7F42-4A07-BEFA-9F427F1F9468}.Release|Any CPU.Build.0 = Release|Any CPU
	EndGlobalSection
	GlobalSection(SolutionProperties) = preSolution
		HideSolutionNode = FALSE
	EndGlobalSection
	GlobalSection(ExtensibilityGlobals) = postSolution
		SolutionGuid = {925056F4-AB08-4D03-8C93-536583524238}
	EndGlobalSection
EndGlobal
