
Microsoft Visual Studio Solution File, Format Version 12.00
# Visual Studio Version 16
VisualStudioVersion = 16.0.33214.272
MinimumVisualStudioVersion = 10.0.40219.1
Project("{9A19103F-16F7-4668-BE54-9A1E7A4F7556}") = "ShapeDrawer", "ShapeDrawer.csproj", "{B3C0C2D4-0511-40B7-B241-A494F3494168}"
EndProject
Global
	GlobalSection(SolutionConfigurationPlatforms) = preSolution
		Debug|Any CPU = Debug|Any CPU
		Release|Any CPU = Release|Any CPU
	EndGlobalSection
	GlobalSection(ProjectConfigurationPlatforms) = postSolution
		{B3C0C2D4-0511-40B7-B241-A494F3494168}.Debug|Any CPU.ActiveCfg = Debug|Any CPU
		{B3C0C2D4-0511-40B7-B241-A494F3494168}.Debug|Any CPU.Build.0 = Debug|Any CPU
		{B3C0C2D4-0511-40B7-B241-A494F3494168}.Release|Any CPU.ActiveCfg = Release|Any CPU
		{B3C0C2D4-0511-40B7-B241-A494F3494168}.Release|Any CPU.Build.0 = Release|Any CPU
	EndGlobalSection
	GlobalSection(SolutionProperties) = preSolution
		HideSolutionNode = FALSE
	EndGlobalSection
	GlobalSection(ExtensibilityGlobals) = postSolution
		SolutionGuid = {B9305C73-7E90-4F0B-B68A-06A297D8E42C}
	EndGlobalSection
EndGlobal
